<?xml version="1.0" encoding="utf-8"?>
<Project ToolsVersion="4.0" xmlns="http://schemas.microsoft.com/developer/msbuild/2003">
  <ItemGroup>
    <Filter Include="Hook">
      <UniqueIdentifier>{4FC737F1-C7A5-4376-A066-2A32D752A2FF}</UniqueIdentifier>
      <Extensions>cpp;c;cc;cxx;def;odl;idl;hpj;bat;asm;asmx</Extensions>
    </Filter>
    <Filter Include="Framework">
      <UniqueIdentifier>{6ed8b013-a898-4f24-9d9e-3af6cc39e50a}</UniqueIdentifier>
    </Filter>
    <Filter Include="Framework\Utils">
      <UniqueIdentifier>{967ba2a0-5f1f-4291-8a55-c3b2e84e07d6}</UniqueIdentifier>
    </Filter>
    <Filter Include="Framework\UE3">
      <UniqueIdentifier>{16d88696-7f46-44f2-85c1-cb45a7bb5e6c}</UniqueIdentifier>
    </Filter>
    <Filter Include="Framework\Menu">
      <UniqueIdentifier>{ee19c000-3ec9-49a1-8044-faee55e3affc}</UniqueIdentifier>
    </Filter>
    <Filter Include="Framework\Hack">
      <UniqueIdentifier>{cf64e91f-69e6-4df9-9e3f-678d8ec0fd11}</UniqueIdentifier>
    </Filter>
    <Filter Include="Framework\Renders">
      <UniqueIdentifier>{34efa2a6-a278-49d9-8b92-6302c278b3f6}</UniqueIdentifier>
    </Filter>
  </ItemGroup>
  <ItemGroup>
    <ClCompile Include="hook.cpp">
      <Filter>Hook</Filter>
    </ClCompile>
    <ClCompile Include="Framework\Utils\Utils.cpp">
      <Filter>Framework\Utils</Filter>
    </ClCompile>
    <ClCompile Include="Framework\Utils\vmthooks.cpp">
      <Filter>Framework\Utils</Filter>
    </ClCompile>
  </ItemGroup>
  <ItemGroup>
    <ClInclude Include="Framework\ragekings.h">
      <Filter>Framework</Filter>
    </ClInclude>
    <ClInclude Include="Framework\Framework.h">
      <Filter>Framework</Filter>
    </ClInclude>
    <ClInclude Include="Framework\Utils\Entry.h">
      <Filter>Framework\Utils</Filter>
    </ClInclude>
    <ClInclude Include="Framework\Utils\Utils.h">
      <Filter>Framework\Utils</Filter>
    </ClInclude>
    <ClInclude Include="Framework\Utils\vmthooks.h">
      <Filter>Framework\Utils</Filter>
    </ClInclude>
    <ClInclude Include="Framework\UE3\2DRadar.h">
      <Filter>Framework\UE3</Filter>
    </ClInclude>
    <ClInclude Include="Framework\UE3\AimBot.h">
      <Filter>Framework\UE3</Filter>
    </ClInclude>
    <ClInclude Include="Framework\UE3\Color.h">
      <Filter>Framework\UE3</Filter>
    </ClInclude>
    <ClInclude Include="Framework\UE3\ESP.h">
      <Filter>Framework\UE3</Filter>
    </ClInclude>
    <ClInclude Include="Framework\UE3\IsVisible.h">
      <Filter>Framework\UE3</Filter>
    </ClInclude>
    <ClInclude Include="Framework\UE3\Misc.h">
      <Filter>Framework\UE3</Filter>
    </ClInclude>
    <ClInclude Include="Framework\UE3\UE3Math.h">
      <Filter>Framework\UE3</Filter>
    </ClInclude>
    <ClInclude Include="Framework\UE3\WorldToScreen.h">
      <Filter>Framework\UE3</Filter>
    </ClInclude>
    <ClInclude Include="Framework\Menu\MenuManager.h">
      <Filter>Framework\Menu</Filter>
    </ClInclude>
    <ClInclude Include="Framework\Hack\RDDraw.h">
      <Filter>Framework\Hack</Filter>
    </ClInclude>
    <ClInclude Include="Framework\Renders\CRender.h">
      <Filter>Framework\Renders</Filter>
    </ClInclude>
  </ItemGroup>
</Project>