
Microsoft Visual Studio Solution File, Format Version 11.00
# Visual Studio 2010
Project("{8BC9CEB8-8B4A-11D0-8D11-00A0C91BC942}") = "BRHack", "Hooks\Bullet Run Hack\hook.vcxproj", "{1C6BF423-1E4A-4DEB-9442-BD0BF97CDCCA}"
EndProject
Project("{8BC9CEB8-8B4A-11D0-8D11-00A0C91BC942}") = "TAHack", "Hooks\Tribes Ascend Hack\TAhook.vcxproj", "{5EA23C55-1516-4888-8F94-98AE2D8EDF0C}"
EndProject
Project("{2150E333-8FDC-42A3-9474-1A3956D46DE8}") = "Hacks", "Hacks", "{E9E5CEB2-D341-4CAE-85F8-5995DAA41985}"
EndProject
Project("{2150E333-8FDC-42A3-9474-1A3956D46DE8}") = "Tools", "Tools", "{C24CC727-4190-4CD9-A8B7-1F5706CD2FEF}"
EndProject
Project("{8BC9CEB8-8B4A-11D0-8D11-00A0C91BC942}") = "sdk_gen", "tools\sdk_gen\sdk_gen\sdk_gen.vcxproj", "{5F79A895-8127-4000-A0A8-39E323D90B01}"
EndProject
Project("{8BC9CEB8-8B4A-11D0-8D11-00A0C91BC942}") = "StringEncryptor", "tools\StringEncryptor\StringEncryptor.vcxproj", "{57818437-FE2B-4894-9FE7-86382241F14F}"
EndProject
Project("{8BC9CEB8-8B4A-11D0-8D11-00A0C91BC942}") = "GAHack", "Hooks\Global Agenda Hack\GAhook.vcxproj", "{95636573-7A31-42E4-9449-3468079F68BC}"
EndProject
Project("{8BC9CEB8-8B4A-11D0-8D11-00A0C91BC942}") = "ME3Hack", "Hooks\Mass Effect 3 Hack\ME3hook.vcxproj", "{48B1DC36-27AD-4E78-94C8-ABD442611FE4}"
EndProject
Project("{8BC9CEB8-8B4A-11D0-8D11-00A0C91BC942}") = "Framework", "Hooks\Framework\Framework.vcxproj", "{8B08E96E-E513-42A1-B9A2-ED3E76B03E2F}"
EndProject
Project("{8BC9CEB8-8B4A-11D0-8D11-00A0C91BC942}") = "UE3InstanceLogger", "tools\UE3InstanceLogger\UE3InstanceLogger.vcxproj", "{C1134314-7198-4B54-8637-2D0646FD0B60}"
EndProject
Global
	GlobalSection(SolutionConfigurationPlatforms) = preSolution
		Debug|Win32 = Debug|Win32
		Release|Win32 = Release|Win32
	EndGlobalSection
	GlobalSection(ProjectConfigurationPlatforms) = postSolution
		{1C6BF423-1E4A-4DEB-9442-BD0BF97CDCCA}.Debug|Win32.ActiveCfg = Debug|Win32
		{1C6BF423-1E4A-4DEB-9442-BD0BF97CDCCA}.Release|Win32.ActiveCfg = Release|Win32
		{1C6BF423-1E4A-4DEB-9442-BD0BF97CDCCA}.Release|Win32.Build.0 = Release|Win32
		{5EA23C55-1516-4888-8F94-98AE2D8EDF0C}.Debug|Win32.ActiveCfg = Debug|Win32
		{5EA23C55-1516-4888-8F94-98AE2D8EDF0C}.Release|Win32.ActiveCfg = Release|Win32
		{5EA23C55-1516-4888-8F94-98AE2D8EDF0C}.Release|Win32.Build.0 = Release|Win32
		{5F79A895-8127-4000-A0A8-39E323D90B01}.Debug|Win32.ActiveCfg = Debug|Win32
		{5F79A895-8127-4000-A0A8-39E323D90B01}.Debug|Win32.Build.0 = Debug|Win32
		{5F79A895-8127-4000-A0A8-39E323D90B01}.Release|Win32.ActiveCfg = Release|Win32
		{5F79A895-8127-4000-A0A8-39E323D90B01}.Release|Win32.Build.0 = Release|Win32
		{57818437-FE2B-4894-9FE7-86382241F14F}.Debug|Win32.ActiveCfg = Debug|Win32
		{57818437-FE2B-4894-9FE7-86382241F14F}.Debug|Win32.Build.0 = Debug|Win32
		{57818437-FE2B-4894-9FE7-86382241F14F}.Release|Win32.ActiveCfg = Release|Win32
		{57818437-FE2B-4894-9FE7-86382241F14F}.Release|Win32.Build.0 = Release|Win32
		{95636573-7A31-42E4-9449-3468079F68BC}.Debug|Win32.ActiveCfg = Debug|Win32
		{95636573-7A31-42E4-9449-3468079F68BC}.Debug|Win32.Build.0 = Debug|Win32
		{95636573-7A31-42E4-9449-3468079F68BC}.Release|Win32.ActiveCfg = Release|Win32
		{95636573-7A31-42E4-9449-3468079F68BC}.Release|Win32.Build.0 = Release|Win32
		{48B1DC36-27AD-4E78-94C8-ABD442611FE4}.Debug|Win32.ActiveCfg = Debug|Win32
		{48B1DC36-27AD-4E78-94C8-ABD442611FE4}.Debug|Win32.Build.0 = Debug|Win32
		{48B1DC36-27AD-4E78-94C8-ABD442611FE4}.Release|Win32.ActiveCfg = Release|Win32
		{48B1DC36-27AD-4E78-94C8-ABD442611FE4}.Release|Win32.Build.0 = Release|Win32
		{8B08E96E-E513-42A1-B9A2-ED3E76B03E2F}.Debug|Win32.ActiveCfg = Debug|Win32
		{8B08E96E-E513-42A1-B9A2-ED3E76B03E2F}.Debug|Win32.Build.0 = Debug|Win32
		{8B08E96E-E513-42A1-B9A2-ED3E76B03E2F}.Release|Win32.ActiveCfg = Release|Win32
		{8B08E96E-E513-42A1-B9A2-ED3E76B03E2F}.Release|Win32.Build.0 = Release|Win32
		{C1134314-7198-4B54-8637-2D0646FD0B60}.Debug|Win32.ActiveCfg = Debug|Win32
		{C1134314-7198-4B54-8637-2D0646FD0B60}.Debug|Win32.Build.0 = Debug|Win32
		{C1134314-7198-4B54-8637-2D0646FD0B60}.Release|Win32.ActiveCfg = Release|Win32
		{C1134314-7198-4B54-8637-2D0646FD0B60}.Release|Win32.Build.0 = Release|Win32
	EndGlobalSection
	GlobalSection(SolutionProperties) = preSolution
		HideSolutionNode = FALSE
	EndGlobalSection
	GlobalSection(NestedProjects) = preSolution
		{5EA23C55-1516-4888-8F94-98AE2D8EDF0C} = {E9E5CEB2-D341-4CAE-85F8-5995DAA41985}
		{1C6BF423-1E4A-4DEB-9442-BD0BF97CDCCA} = {E9E5CEB2-D341-4CAE-85F8-5995DAA41985}
		{95636573-7A31-42E4-9449-3468079F68BC} = {E9E5CEB2-D341-4CAE-85F8-5995DAA41985}
		{48B1DC36-27AD-4E78-94C8-ABD442611FE4} = {E9E5CEB2-D341-4CAE-85F8-5995DAA41985}
		{5F79A895-8127-4000-A0A8-39E323D90B01} = {C24CC727-4190-4CD9-A8B7-1F5706CD2FEF}
		{57818437-FE2B-4894-9FE7-86382241F14F} = {C24CC727-4190-4CD9-A8B7-1F5706CD2FEF}
		{8B08E96E-E513-42A1-B9A2-ED3E76B03E2F} = {C24CC727-4190-4CD9-A8B7-1F5706CD2FEF}
		{C1134314-7198-4B54-8637-2D0646FD0B60} = {C24CC727-4190-4CD9-A8B7-1F5706CD2FEF}
	EndGlobalSection
EndGlobal
