<?xml version="1.0" encoding="utf-8"?>
<Project ToolsVersion="4.0" xmlns="http://schemas.microsoft.com/developer/msbuild/2003">
  <ItemGroup>
    <Filter Include="Framework">
      <UniqueIdentifier>{4c394d8a-56fa-436c-9490-716cad466a15}</UniqueIdentifier>
    </Filter>
    <Filter Include="Framework\Utils">
      <UniqueIdentifier>{8ef2fdfe-8ba8-422b-b308-45d480cc5920}</UniqueIdentifier>
    </Filter>
    <Filter Include="Framework\UE3">
      <UniqueIdentifier>{78e7d5a6-a60f-4ede-a2c0-83a39684573c}</UniqueIdentifier>
    </Filter>
    <Filter Include="Framework\Renders">
      <UniqueIdentifier>{9b5359f4-c241-4e64-a41a-e7ee9a7c0a76}</UniqueIdentifier>
    </Filter>
    <Filter Include="Framework\Menu">
      <UniqueIdentifier>{a07a874a-44be-43cc-8886-986c8a2aa03a}</UniqueIdentifier>
    </Filter>
    <Filter Include="Framework\Hack">
      <UniqueIdentifier>{0589f22d-074e-4cc0-ae08-c2e89b14def5}</UniqueIdentifier>
    </Filter>
    <Filter Include="Hook">
      <UniqueIdentifier>{67fa030e-b806-4ee2-95a5-a75ec8ce758a}</UniqueIdentifier>
    </Filter>
    <Filter Include="Hook\UE3">
      <UniqueIdentifier>{5ea16385-1075-48dc-abf5-5f3b4a717a82}</UniqueIdentifier>
    </Filter>
  </ItemGroup>
  <ItemGroup>
    <ClCompile Include="Framework\Utils\Utils.cpp">
      <Filter>Framework\Utils</Filter>
    </ClCompile>
    <ClCompile Include="Framework\Utils\vmthooks.cpp">
      <Filter>Framework\Utils</Filter>
    </ClCompile>
    <ClCompile Include="hook.cpp">
      <Filter>Hook</Filter>
    </ClCompile>
    <ClCompile Include="Framework\Utils\Base64.cpp">
      <Filter>Framework\Utils</Filter>
    </ClCompile>
    <ClCompile Include="Framework\Utils\web.cpp">
      <Filter>Framework\Utils</Filter>
    </ClCompile>
    <ClCompile Include="Framework\Utils\diskinfo.cpp">
      <Filter>Framework\Utils</Filter>
    </ClCompile>
    <ClCompile Include="UE3function.cpp">
      <Filter>Hook\UE3</Filter>
    </ClCompile>
    <ClCompile Include="SdkHeaders.cpp">
      <Filter>Hook\UE3</Filter>
    </ClCompile>
  </ItemGroup>
  <ItemGroup>
    <ClInclude Include="Framework\Framework.h">
      <Filter>Framework</Filter>
    </ClInclude>
    <ClInclude Include="Framework\ragekings.h">
      <Filter>Framework</Filter>
    </ClInclude>
    <ClInclude Include="Framework\Utils\vmthooks.h">
      <Filter>Framework\Utils</Filter>
    </ClInclude>
    <ClInclude Include="Framework\Utils\Entry.h">
      <Filter>Framework\Utils</Filter>
    </ClInclude>
    <ClInclude Include="Framework\Utils\Utils.h">
      <Filter>Framework\Utils</Filter>
    </ClInclude>
    <ClInclude Include="Framework\UE3\AimBot.h">
      <Filter>Framework\UE3</Filter>
    </ClInclude>
    <ClInclude Include="Framework\UE3\Color.h">
      <Filter>Framework\UE3</Filter>
    </ClInclude>
    <ClInclude Include="Framework\UE3\ESP.h">
      <Filter>Framework\UE3</Filter>
    </ClInclude>
    <ClInclude Include="Framework\UE3\IsVisible.h">
      <Filter>Framework\UE3</Filter>
    </ClInclude>
    <ClInclude Include="Framework\UE3\Misc.h">
      <Filter>Framework\UE3</Filter>
    </ClInclude>
    <ClInclude Include="Framework\UE3\UE3Math.h">
      <Filter>Framework\UE3</Filter>
    </ClInclude>
    <ClInclude Include="Framework\UE3\WorldToScreen.h">
      <Filter>Framework\UE3</Filter>
    </ClInclude>
    <ClInclude Include="Framework\UE3\2DRadar.h">
      <Filter>Framework\UE3</Filter>
    </ClInclude>
    <ClInclude Include="Framework\Renders\CRender.h">
      <Filter>Framework\Renders</Filter>
    </ClInclude>
    <ClInclude Include="Framework\Menu\MenuManager.h">
      <Filter>Framework\Menu</Filter>
    </ClInclude>
    <ClInclude Include="Framework\Hack\BRDraw.h">
      <Filter>Framework\Hack</Filter>
    </ClInclude>
    <ClInclude Include="Framework\Utils\Base64.h">
      <Filter>Framework\Utils</Filter>
    </ClInclude>
    <ClInclude Include="Framework\Utils\web.h">
      <Filter>Framework\Utils</Filter>
    </ClInclude>
    <ClInclude Include="Framework\Utils\diskinfo.h">
      <Filter>Framework\Utils</Filter>
    </ClInclude>
    <ClInclude Include="SdkHeaders.h">
      <Filter>Hook\UE3</Filter>
    </ClInclude>
    <ClInclude Include="Includes.h">
      <Filter>Hook\UE3</Filter>
    </ClInclude>
    <ClInclude Include="UE3function.h">
      <Filter>Hook\UE3</Filter>
    </ClInclude>
  </ItemGroup>
</Project>